
Microsoft Visual Studio Solution File, Format Version 12.00
# Visual Studio Version 16
VisualStudioVersion = 16.0.30114.105
MinimumVisualStudioVersion = 10.0.40219.1
Project("{FAE04EC0-301F-11D3-BF4B-00C04F79EFBC}") = "GC_CAPSTONE4_TASKLIST", "GC_CAPSTONE4_TASKLIST\GC_CAPSTONE4_TASKLIST.csproj", "{5A91AD79-31CF-436C-986D-D25C7919DA68}"
EndProject
Global
	GlobalSection(SolutionConfigurationPlatforms) = preSolution
		Debug|Any CPU = Debug|Any CPU
		Release|Any CPU = Release|Any CPU
	EndGlobalSection
	GlobalSection(ProjectConfigurationPlatforms) = postSolution
		{5A91AD79-31CF-436C-986D-D25C7919DA68}.Debug|Any CPU.ActiveCfg = Debug|Any CPU
		{5A91AD79-31CF-436C-986D-D25C7919DA68}.Debug|Any CPU.Build.0 = Debug|Any CPU
		{5A91AD79-31CF-436C-986D-D25C7919DA68}.Release|Any CPU.ActiveCfg = Release|Any CPU
		{5A91AD79-31CF-436C-986D-D25C7919DA68}.Release|Any CPU.Build.0 = Release|Any CPU
	EndGlobalSection
	GlobalSection(SolutionProperties) = preSolution
		HideSolutionNode = FALSE
	EndGlobalSection
	GlobalSection(ExtensibilityGlobals) = postSolution
		SolutionGuid = {720A0EF7-391F-44D0-8BE5-84E2BF2B4308}
	EndGlobalSection
EndGlobal
